
Microsoft Visual Studio Solution File, Format Version 12.00
# Visual Studio Version 17
VisualStudioVersion = 17.7.34221.43
MinimumVisualStudioVersion = 10.0.40219.1
Project("{FAE04EC0-301F-11D3-BF4B-00C04F79EFBC}") = "GAQueueDoublyLinkedList_MeiliZheng", "GAQueueDoublyLinkedList_MeiliZheng.csproj", "{8C9AA9FB-FE52-43A4-A9EA-15A4C6A8CAA5}"
EndProject
Global
	GlobalSection(SolutionConfigurationPlatforms) = preSolution
		Debug|Any CPU = Debug|Any CPU
		Release|Any CPU = Release|Any CPU
	EndGlobalSection
	GlobalSection(ProjectConfigurationPlatforms) = postSolution
		{8C9AA9FB-FE52-43A4-A9EA-15A4C6A8CAA5}.Debug|Any CPU.ActiveCfg = Debug|Any CPU
		{8C9AA9FB-FE52-43A4-A9EA-15A4C6A8CAA5}.Debug|Any CPU.Build.0 = Debug|Any CPU
		{8C9AA9FB-FE52-43A4-A9EA-15A4C6A8CAA5}.Release|Any CPU.ActiveCfg = Release|Any CPU
		{8C9AA9FB-FE52-43A4-A9EA-15A4C6A8CAA5}.Release|Any CPU.Build.0 = Release|Any CPU
	EndGlobalSection
	GlobalSection(SolutionProperties) = preSolution
		HideSolutionNode = FALSE
	EndGlobalSection
	GlobalSection(ExtensibilityGlobals) = postSolution
		SolutionGuid = {603028CA-E94B-4F49-811E-27C0D02A87B8}
	EndGlobalSection
EndGlobal
